{
  "name": "json-transform",
  "version": "1.0.0",
  "lockfileVersion": 2,
  "requires": true,
  "packages": {
    "": {
      "name": "json-transform",
      "version": "1.0.0",
      "license": "ISC",
      "dependencies": {
        "jsonpath-object-transform": "^1.0.4"
      }
    },
    "node_modules/JSONPath": {
      "version": "0.10.0",
      "resolved": "https://registry.npmjs.org/JSONPath/-/JSONPath-0.10.0.tgz",
      "integrity": "sha1-RJWb3ZTjZBhY5/IUfZPHMvNQWxw=",
      "dependencies": {
        "underscore": "*"
      }
    },
    "node_modules/jsonpath-object-transform": {
      "version": "1.0.4",
      "resolved": "https://registry.npmjs.org/jsonpath-object-transform/-/jsonpath-object-transform-1.0.4.tgz",
      "integrity": "sha1-rbs17AuOinTv7Ylr0HrWpJRRmP8=",
      "dependencies": {
        "JSONPath": "^0.10.0"
      }
    },
    "node_modules/underscore": {
      "version": "1.13.2",
      "resolved": "https://registry.npmjs.org/underscore/-/underscore-1.13.2.tgz",
      "integrity": "sha512-ekY1NhRzq0B08g4bGuX4wd2jZx5GnKz6mKSqFL4nqBlfyMGiG10gDFhDTMEfYmDL6Jy0FUIZp7wiRB+0BP7J2g=="
    }
  },
  "dependencies": {
    "JSONPath": {
      "version": "0.10.0",
      "resolved": "https://registry.npmjs.org/JSONPath/-/JSONPath-0.10.0.tgz",
      "integrity": "sha1-RJWb3ZTjZBhY5/IUfZPHMvNQWxw=",
      "requires": {
        "underscore": "*"
      }
    },
    "jsonpath-object-transform": {
      "version": "1.0.4",
      "resolved": "https://registry.npmjs.org/jsonpath-object-transform/-/jsonpath-object-transform-1.0.4.tgz",
      "integrity": "sha1-rbs17AuOinTv7Ylr0HrWpJRRmP8=",
      "requires": {
        "JSONPath": "^0.10.0"
      }
    },
    "underscore": {
      "version": "1.13.2",
      "resolved": "https://registry.npmjs.org/underscore/-/underscore-1.13.2.tgz",
      "integrity": "sha512-ekY1NhRzq0B08g4bGuX4wd2jZx5GnKz6mKSqFL4nqBlfyMGiG10gDFhDTMEfYmDL6Jy0FUIZp7wiRB+0BP7J2g=="
    }
  }
}
